
Microsoft Visual Studio Solution File, Format Version 12.00
# Visual Studio Version 17
VisualStudioVersion = 17.0.31903.59
MinimumVisualStudioVersion = 10.0.40219.1
Project("{FAE04EC0-301F-11D3-BF4B-00C04F79EFBC}") = "task17", "task17\task17.csproj", "{7B469FB4-5231-4D6D-A5D0-A08676E792AE}"
EndProject
Project("{FAE04EC0-301F-11D3-BF4B-00C04F79EFBC}") = "task17tests", "task17tests\task17tests.csproj", "{05882190-21C1-40E1-AA36-391C3A95A608}"
EndProject
Project("{FAE04EC0-301F-11D3-BF4B-00C04F79EFBC}") = "task18", "task18\task18.csproj", "{F75DFD29-2742-4778-A5B9-069467B8F451}"
EndProject
Global
	GlobalSection(SolutionConfigurationPlatforms) = preSolution
		Debug|Any CPU = Debug|Any CPU
		Debug|x64 = Debug|x64
		Debug|x86 = Debug|x86
		Release|Any CPU = Release|Any CPU
		Release|x64 = Release|x64
		Release|x86 = Release|x86
	EndGlobalSection
	GlobalSection(ProjectConfigurationPlatforms) = postSolution
		{7B469FB4-5231-4D6D-A5D0-A08676E792AE}.Debug|Any CPU.ActiveCfg = Debug|Any CPU
		{7B469FB4-5231-4D6D-A5D0-A08676E792AE}.Debug|Any CPU.Build.0 = Debug|Any CPU
		{7B469FB4-5231-4D6D-A5D0-A08676E792AE}.Debug|x64.ActiveCfg = Debug|Any CPU
		{7B469FB4-5231-4D6D-A5D0-A08676E792AE}.Debug|x64.Build.0 = Debug|Any CPU
		{7B469FB4-5231-4D6D-A5D0-A08676E792AE}.Debug|x86.ActiveCfg = Debug|Any CPU
		{7B469FB4-5231-4D6D-A5D0-A08676E792AE}.Debug|x86.Build.0 = Debug|Any CPU
		{7B469FB4-5231-4D6D-A5D0-A08676E792AE}.Release|Any CPU.ActiveCfg = Release|Any CPU
		{7B469FB4-5231-4D6D-A5D0-A08676E792AE}.Release|Any CPU.Build.0 = Release|Any CPU
		{7B469FB4-5231-4D6D-A5D0-A08676E792AE}.Release|x64.ActiveCfg = Release|Any CPU
		{7B469FB4-5231-4D6D-A5D0-A08676E792AE}.Release|x64.Build.0 = Release|Any CPU
		{7B469FB4-5231-4D6D-A5D0-A08676E792AE}.Release|x86.ActiveCfg = Release|Any CPU
		{7B469FB4-5231-4D6D-A5D0-A08676E792AE}.Release|x86.Build.0 = Release|Any CPU
		{05882190-21C1-40E1-AA36-391C3A95A608}.Debug|Any CPU.ActiveCfg = Debug|Any CPU
		{05882190-21C1-40E1-AA36-391C3A95A608}.Debug|Any CPU.Build.0 = Debug|Any CPU
		{05882190-21C1-40E1-AA36-391C3A95A608}.Debug|x64.ActiveCfg = Debug|Any CPU
		{05882190-21C1-40E1-AA36-391C3A95A608}.Debug|x64.Build.0 = Debug|Any CPU
		{05882190-21C1-40E1-AA36-391C3A95A608}.Debug|x86.ActiveCfg = Debug|Any CPU
		{05882190-21C1-40E1-AA36-391C3A95A608}.Debug|x86.Build.0 = Debug|Any CPU
		{05882190-21C1-40E1-AA36-391C3A95A608}.Release|Any CPU.ActiveCfg = Release|Any CPU
		{05882190-21C1-40E1-AA36-391C3A95A608}.Release|Any CPU.Build.0 = Release|Any CPU
		{05882190-21C1-40E1-AA36-391C3A95A608}.Release|x64.ActiveCfg = Release|Any CPU
		{05882190-21C1-40E1-AA36-391C3A95A608}.Release|x64.Build.0 = Release|Any CPU
		{05882190-21C1-40E1-AA36-391C3A95A608}.Release|x86.ActiveCfg = Release|Any CPU
		{05882190-21C1-40E1-AA36-391C3A95A608}.Release|x86.Build.0 = Release|Any CPU
		{F75DFD29-2742-4778-A5B9-069467B8F451}.Debug|Any CPU.ActiveCfg = Debug|Any CPU
		{F75DFD29-2742-4778-A5B9-069467B8F451}.Debug|Any CPU.Build.0 = Debug|Any CPU
		{F75DFD29-2742-4778-A5B9-069467B8F451}.Debug|x64.ActiveCfg = Debug|Any CPU
		{F75DFD29-2742-4778-A5B9-069467B8F451}.Debug|x64.Build.0 = Debug|Any CPU
		{F75DFD29-2742-4778-A5B9-069467B8F451}.Debug|x86.ActiveCfg = Debug|Any CPU
		{F75DFD29-2742-4778-A5B9-069467B8F451}.Debug|x86.Build.0 = Debug|Any CPU
		{F75DFD29-2742-4778-A5B9-069467B8F451}.Release|Any CPU.ActiveCfg = Release|Any CPU
		{F75DFD29-2742-4778-A5B9-069467B8F451}.Release|Any CPU.Build.0 = Release|Any CPU
		{F75DFD29-2742-4778-A5B9-069467B8F451}.Release|x64.ActiveCfg = Release|Any CPU
		{F75DFD29-2742-4778-A5B9-069467B8F451}.Release|x64.Build.0 = Release|Any CPU
		{F75DFD29-2742-4778-A5B9-069467B8F451}.Release|x86.ActiveCfg = Release|Any CPU
		{F75DFD29-2742-4778-A5B9-069467B8F451}.Release|x86.Build.0 = Release|Any CPU
	EndGlobalSection
	GlobalSection(SolutionProperties) = preSolution
		HideSolutionNode = FALSE
	EndGlobalSection
EndGlobal
